
Microsoft Visual Studio Solution File, Format Version 12.00
# Visual Studio Express 2012 for Windows Desktop
Project("{FAE04EC0-301F-11D3-BF4B-00C04F79EFBC}") = "WhatToWork", "WhatToWork\WhatToWork.csproj", "{23C8CB9C-3D6E-4A23-967B-4D6BDF7E9182}"
EndProject
Global
	GlobalSection(SolutionConfigurationPlatforms) = preSolution
		Debug|Any CPU = Debug|Any CPU
		Release|Any CPU = Release|Any CPU
	EndGlobalSection
	GlobalSection(ProjectConfigurationPlatforms) = postSolution
		{23C8CB9C-3D6E-4A23-967B-4D6BDF7E9182}.Debug|Any CPU.ActiveCfg = Debug|Any CPU
		{23C8CB9C-3D6E-4A23-967B-4D6BDF7E9182}.Debug|Any CPU.Build.0 = Debug|Any CPU
		{23C8CB9C-3D6E-4A23-967B-4D6BDF7E9182}.Release|Any CPU.ActiveCfg = Release|Any CPU
		{23C8CB9C-3D6E-4A23-967B-4D6BDF7E9182}.Release|Any CPU.Build.0 = Release|Any CPU
	EndGlobalSection
	GlobalSection(SolutionProperties) = preSolution
		HideSolutionNode = FALSE
	EndGlobalSection
EndGlobal
